
Microsoft Visual Studio Solution File, Format Version 12.00
# Visual Studio Version 16
VisualStudioVersion = 16.0.32901.82
MinimumVisualStudioVersion = 10.0.40219.1
Project("{FAE04EC0-301F-11D3-BF4B-00C04F79EFBC}") = "Asp-Intro", "Asp-Intro.csproj", "{843DAA47-BA62-4D83-B9F4-81333E41DA89}"
EndProject
Global
	GlobalSection(SolutionConfigurationPlatforms) = preSolution
		Debug|Any CPU = Debug|Any CPU
		Release|Any CPU = Release|Any CPU
	EndGlobalSection
	GlobalSection(ProjectConfigurationPlatforms) = postSolution
		{843DAA47-BA62-4D83-B9F4-81333E41DA89}.Debug|Any CPU.ActiveCfg = Debug|Any CPU
		{843DAA47-BA62-4D83-B9F4-81333E41DA89}.Debug|Any CPU.Build.0 = Debug|Any CPU
		{843DAA47-BA62-4D83-B9F4-81333E41DA89}.Release|Any CPU.ActiveCfg = Release|Any CPU
		{843DAA47-BA62-4D83-B9F4-81333E41DA89}.Release|Any CPU.Build.0 = Release|Any CPU
	EndGlobalSection
	GlobalSection(SolutionProperties) = preSolution
		HideSolutionNode = FALSE
	EndGlobalSection
	GlobalSection(ExtensibilityGlobals) = postSolution
		SolutionGuid = {736F9BED-0AB2-4B8F-8DFF-72DB2E1A20B1}
	EndGlobalSection
EndGlobal
